
Microsoft Visual Studio Solution File, Format Version 12.00
# Visual Studio Version 17
VisualStudioVersion = 17.5.33627.172
MinimumVisualStudioVersion = 10.0.40219.1
Project("{9A19103F-16F7-4668-BE54-9A1E7A4F7556}") = "Demo", "Demo\Demo.csproj", "{3A7DE130-3542-442A-82F1-4905210E625D}"
EndProject
Project("{9A19103F-16F7-4668-BE54-9A1E7A4F7556}") = "PEReader", "PEReader\PEReader.csproj", "{5F56B043-3547-49FF-AB37-3B9A1B14FC53}"
EndProject
Project("{2150E333-8FDC-42A3-9474-1A3956D46DE8}") = "Solution Items", "Solution Items", "{3E285453-C2E0-4ADA-B2FC-DD759A3D11CA}"
	ProjectSection(SolutionItems) = preProject
		.editorconfig = .editorconfig
		Directory.Build.props = Directory.Build.props
		Directory.Build.targets = Directory.Build.targets
		Directory.Packages.props = Directory.Packages.props
		README.md = README.md
	EndProjectSection
EndProject
Project("{2150E333-8FDC-42A3-9474-1A3956D46DE8}") = "workflows", "workflows", "{DCB5C0CE-69CB-45CE-8CAB-7A4445EECC48}"
	ProjectSection(SolutionItems) = preProject
		.github\dependabot.yml = .github\dependabot.yml
		.github\workflows\release.yml = .github\workflows\release.yml
		.github\workflows\test.yml = .github\workflows\test.yml
	EndProjectSection
EndProject
Global
	GlobalSection(SolutionConfigurationPlatforms) = preSolution
		Debug|Any CPU = Debug|Any CPU
		Release|Any CPU = Release|Any CPU
	EndGlobalSection
	GlobalSection(ProjectConfigurationPlatforms) = postSolution
		{3A7DE130-3542-442A-82F1-4905210E625D}.Debug|Any CPU.ActiveCfg = Debug|Any CPU
		{3A7DE130-3542-442A-82F1-4905210E625D}.Debug|Any CPU.Build.0 = Debug|Any CPU
		{3A7DE130-3542-442A-82F1-4905210E625D}.Release|Any CPU.ActiveCfg = Release|Any CPU
		{5F56B043-3547-49FF-AB37-3B9A1B14FC53}.Debug|Any CPU.ActiveCfg = Debug|Any CPU
		{5F56B043-3547-49FF-AB37-3B9A1B14FC53}.Debug|Any CPU.Build.0 = Debug|Any CPU
		{5F56B043-3547-49FF-AB37-3B9A1B14FC53}.Release|Any CPU.ActiveCfg = Release|Any CPU
		{5F56B043-3547-49FF-AB37-3B9A1B14FC53}.Release|Any CPU.Build.0 = Release|Any CPU
	EndGlobalSection
	GlobalSection(SolutionProperties) = preSolution
		HideSolutionNode = FALSE
	EndGlobalSection
	GlobalSection(NestedProjects) = preSolution
		{DCB5C0CE-69CB-45CE-8CAB-7A4445EECC48} = {3E285453-C2E0-4ADA-B2FC-DD759A3D11CA}
	EndGlobalSection
	GlobalSection(ExtensibilityGlobals) = postSolution
		SolutionGuid = {8D63502B-B211-4233-84A1-EF2F0BCCDD3D}
	EndGlobalSection
EndGlobal
